
Microsoft Visual Studio Solution File, Format Version 12.00
# Visual Studio Version 16
VisualStudioVersion = 16.0.31321.278
MinimumVisualStudioVersion = 10.0.40219.1
Project("{FAE04EC0-301F-11D3-BF4B-00C04F79EFBC}") = "Basic Program", "C:\Users\JH Shuvo\source\repos\Basic Program\Basic Program\Basic Program.csproj", "{4E4E01CC-A5BC-486A-B586-72AF9659F926}"
EndProject
Global
	GlobalSection(SolutionConfigurationPlatforms) = preSolution
		Debug|Any CPU = Debug|Any CPU
		Release|Any CPU = Release|Any CPU
	EndGlobalSection
	GlobalSection(ProjectConfigurationPlatforms) = postSolution
		{4E4E01CC-A5BC-486A-B586-72AF9659F926}.Debug|Any CPU.ActiveCfg = Debug|Any CPU
		{4E4E01CC-A5BC-486A-B586-72AF9659F926}.Debug|Any CPU.Build.0 = Debug|Any CPU
		{4E4E01CC-A5BC-486A-B586-72AF9659F926}.Release|Any CPU.ActiveCfg = Release|Any CPU
		{4E4E01CC-A5BC-486A-B586-72AF9659F926}.Release|Any CPU.Build.0 = Release|Any CPU
	EndGlobalSection
	GlobalSection(SolutionProperties) = preSolution
		HideSolutionNode = FALSE
	EndGlobalSection
	GlobalSection(ExtensibilityGlobals) = postSolution
		SolutionGuid = {4E59AA32-BB1A-4C6E-AD3F-1E2FB2F7E5CA}
	EndGlobalSection
EndGlobal
